
Microsoft Visual Studio Solution File, Format Version 12.00
# Visual Studio Version 17
VisualStudioVersion = 17.13.35931.197
MinimumVisualStudioVersion = 10.0.40219.1
Project("{C7167F0D-BC9F-4E6E-AFE1-012C56B48DB5}") = "GenericShellExPackage", "GenericShellExPackage\GenericShellExPackage.wapproj", "{D1A7A043-92E3-4E41-912C-839F6CD9790B}"
EndProject
Project("{8BC9CEB8-8B4A-11D0-8D11-00A0C91BC942}") = "FullTrustStub", "FullTrustStub\FullTrustStub.vcxproj", "{6D4D3762-79BC-44C2-93B7-596488323DF6}"
EndProject
Project("{8BC9CEB8-8B4A-11D0-8D11-00A0C91BC942}") = "GenericShellEx", "GenericShellEx\GenericShellEx.vcxproj", "{84E438F3-CC1D-4697-BAFF-43F032AF8483}"
EndProject
Project("{FAE04EC0-301F-11D3-BF4B-00C04F79EFBC}") = "GenericShellExInfrastructureInstaller", "GenericShellExInfrastructureInstaller\GenericShellExInfrastructureInstaller.csproj", "{41C09894-79D8-448F-96E4-9EB59A8ED4D8}"
EndProject
Global
	GlobalSection(SolutionConfigurationPlatforms) = preSolution
		Debug|ARM64 = Debug|ARM64
		Debug|x64 = Debug|x64
		Release|ARM64 = Release|ARM64
		Release|x64 = Release|x64
	EndGlobalSection
	GlobalSection(ProjectConfigurationPlatforms) = postSolution
		{D1A7A043-92E3-4E41-912C-839F6CD9790B}.Debug|ARM64.ActiveCfg = Release|ARM64
		{D1A7A043-92E3-4E41-912C-839F6CD9790B}.Debug|ARM64.Build.0 = Release|ARM64
		{D1A7A043-92E3-4E41-912C-839F6CD9790B}.Debug|x64.ActiveCfg = Release|x64
		{D1A7A043-92E3-4E41-912C-839F6CD9790B}.Debug|x64.Build.0 = Release|x64
		{D1A7A043-92E3-4E41-912C-839F6CD9790B}.Release|ARM64.ActiveCfg = Release|ARM64
		{D1A7A043-92E3-4E41-912C-839F6CD9790B}.Release|ARM64.Build.0 = Release|ARM64
		{D1A7A043-92E3-4E41-912C-839F6CD9790B}.Release|x64.ActiveCfg = Release|x64
		{D1A7A043-92E3-4E41-912C-839F6CD9790B}.Release|x64.Build.0 = Release|x64
		{6D4D3762-79BC-44C2-93B7-596488323DF6}.Debug|ARM64.ActiveCfg = Release|ARM64
		{6D4D3762-79BC-44C2-93B7-596488323DF6}.Debug|ARM64.Build.0 = Release|ARM64
		{6D4D3762-79BC-44C2-93B7-596488323DF6}.Debug|x64.ActiveCfg = Release|x64
		{6D4D3762-79BC-44C2-93B7-596488323DF6}.Debug|x64.Build.0 = Release|x64
		{6D4D3762-79BC-44C2-93B7-596488323DF6}.Release|ARM64.ActiveCfg = Release|ARM64
		{6D4D3762-79BC-44C2-93B7-596488323DF6}.Release|ARM64.Build.0 = Release|ARM64
		{6D4D3762-79BC-44C2-93B7-596488323DF6}.Release|x64.ActiveCfg = Release|x64
		{6D4D3762-79BC-44C2-93B7-596488323DF6}.Release|x64.Build.0 = Release|x64
		{84E438F3-CC1D-4697-BAFF-43F032AF8483}.Debug|ARM64.ActiveCfg = Release|ARM64
		{84E438F3-CC1D-4697-BAFF-43F032AF8483}.Debug|ARM64.Build.0 = Release|ARM64
		{84E438F3-CC1D-4697-BAFF-43F032AF8483}.Debug|x64.ActiveCfg = Release|x64
		{84E438F3-CC1D-4697-BAFF-43F032AF8483}.Debug|x64.Build.0 = Release|x64
		{84E438F3-CC1D-4697-BAFF-43F032AF8483}.Release|ARM64.ActiveCfg = Release|ARM64
		{84E438F3-CC1D-4697-BAFF-43F032AF8483}.Release|ARM64.Build.0 = Release|ARM64
		{84E438F3-CC1D-4697-BAFF-43F032AF8483}.Release|x64.ActiveCfg = Release|x64
		{84E438F3-CC1D-4697-BAFF-43F032AF8483}.Release|x64.Build.0 = Release|x64
		{41C09894-79D8-448F-96E4-9EB59A8ED4D8}.Debug|ARM64.ActiveCfg = Debug|ARM64
		{41C09894-79D8-448F-96E4-9EB59A8ED4D8}.Debug|ARM64.Build.0 = Debug|ARM64
		{41C09894-79D8-448F-96E4-9EB59A8ED4D8}.Debug|x64.ActiveCfg = Debug|Any CPU
		{41C09894-79D8-448F-96E4-9EB59A8ED4D8}.Debug|x64.Build.0 = Debug|Any CPU
		{41C09894-79D8-448F-96E4-9EB59A8ED4D8}.Release|ARM64.ActiveCfg = Release|ARM64
		{41C09894-79D8-448F-96E4-9EB59A8ED4D8}.Release|ARM64.Build.0 = Release|ARM64
		{41C09894-79D8-448F-96E4-9EB59A8ED4D8}.Release|x64.ActiveCfg = Release|Any CPU
		{41C09894-79D8-448F-96E4-9EB59A8ED4D8}.Release|x64.Build.0 = Release|Any CPU
	EndGlobalSection
	GlobalSection(SolutionProperties) = preSolution
		HideSolutionNode = FALSE
	EndGlobalSection
	GlobalSection(ExtensibilityGlobals) = postSolution
		SolutionGuid = {E6A0FF6D-A37D-40B4-BD52-2DC327B5E16C}
	EndGlobalSection
EndGlobal
